
Microsoft Visual Studio Solution File, Format Version 12.00
# Visual Studio 2013
VisualStudioVersion = 12.0.31101.0
MinimumVisualStudioVersion = 10.0.40219.1
Project("{FAE04EC0-301F-11D3-BF4B-00C04F79EFBC}") = "F1Tippspiel.Web", "F1Tippspiel.Web\F1Tippspiel.Web.csproj", "{0C423155-4718-4C01-9200-B617305C1F50}"
EndProject
Project("{FAE04EC0-301F-11D3-BF4B-00C04F79EFBC}") = "F1Tippspiel.Api", "F1Tippspiel.Api\F1Tippspiel.Api.csproj", "{69832BF3-8329-475E-8D7B-07BB4E020534}"
EndProject
Project("{FAE04EC0-301F-11D3-BF4B-00C04F79EFBC}") = "F1Tippspiel.Db", "F1Tippspiel.Db\F1Tippspiel.Db.csproj", "{6BF5F2D3-8750-4FFC-9660-CB56E78BE5A1}"
EndProject
Project("{FAE04EC0-301F-11D3-BF4B-00C04F79EFBC}") = "F1Tippspiel.Test", "F1Tippspiel.Test\F1Tippspiel.Test.csproj", "{EA114D46-2D5E-4D93-A73B-3B4CE240B7F9}"
EndProject
Global
	GlobalSection(SolutionConfigurationPlatforms) = preSolution
		Debug|Any CPU = Debug|Any CPU
		Release|Any CPU = Release|Any CPU
	EndGlobalSection
	GlobalSection(ProjectConfigurationPlatforms) = postSolution
		{0C423155-4718-4C01-9200-B617305C1F50}.Debug|Any CPU.ActiveCfg = Debug|Any CPU
		{0C423155-4718-4C01-9200-B617305C1F50}.Debug|Any CPU.Build.0 = Debug|Any CPU
		{0C423155-4718-4C01-9200-B617305C1F50}.Release|Any CPU.ActiveCfg = Release|Any CPU
		{0C423155-4718-4C01-9200-B617305C1F50}.Release|Any CPU.Build.0 = Release|Any CPU
		{69832BF3-8329-475E-8D7B-07BB4E020534}.Debug|Any CPU.ActiveCfg = Debug|Any CPU
		{69832BF3-8329-475E-8D7B-07BB4E020534}.Debug|Any CPU.Build.0 = Debug|Any CPU
		{69832BF3-8329-475E-8D7B-07BB4E020534}.Release|Any CPU.ActiveCfg = Release|Any CPU
		{69832BF3-8329-475E-8D7B-07BB4E020534}.Release|Any CPU.Build.0 = Release|Any CPU
		{6BF5F2D3-8750-4FFC-9660-CB56E78BE5A1}.Debug|Any CPU.ActiveCfg = Debug|Any CPU
		{6BF5F2D3-8750-4FFC-9660-CB56E78BE5A1}.Debug|Any CPU.Build.0 = Debug|Any CPU
		{6BF5F2D3-8750-4FFC-9660-CB56E78BE5A1}.Release|Any CPU.ActiveCfg = Release|Any CPU
		{6BF5F2D3-8750-4FFC-9660-CB56E78BE5A1}.Release|Any CPU.Build.0 = Release|Any CPU
		{EA114D46-2D5E-4D93-A73B-3B4CE240B7F9}.Debug|Any CPU.ActiveCfg = Debug|Any CPU
		{EA114D46-2D5E-4D93-A73B-3B4CE240B7F9}.Debug|Any CPU.Build.0 = Debug|Any CPU
		{EA114D46-2D5E-4D93-A73B-3B4CE240B7F9}.Release|Any CPU.ActiveCfg = Release|Any CPU
		{EA114D46-2D5E-4D93-A73B-3B4CE240B7F9}.Release|Any CPU.Build.0 = Release|Any CPU
	EndGlobalSection
	GlobalSection(SolutionProperties) = preSolution
		HideSolutionNode = FALSE
	EndGlobalSection
EndGlobal
